
Microsoft Visual Studio Solution File, Format Version 12.00
# Visual Studio Version 16
VisualStudioVersion = 16.0.30114.105
MinimumVisualStudioVersion = 10.0.40219.1
Project("{FAE04EC0-301F-11D3-BF4B-00C04F79EFBC}") = "Shell", "Shell\Shell.csproj", "{12B19978-5BBE-43F9-B73F-941AE86CDE6A}"
EndProject
Project("{FAE04EC0-301F-11D3-BF4B-00C04F79EFBC}") = "Common", "Common\Common.csproj", "{6208037C-0600-4E2E-8E3F-AEF8B456BCA9}"
EndProject
Project("{FAE04EC0-301F-11D3-BF4B-00C04F79EFBC}") = "Common.Test", "Common.Test\Common.Test.csproj", "{F07A2F50-E7E9-440D-8077-E3C2F425E129}"
EndProject
Project("{FAE04EC0-301F-11D3-BF4B-00C04F79EFBC}") = "Lexer", "PirateLexer\Lexer.csproj", "{8D39609C-C369-405C-A762-6FC9DFB8FE5D}"
EndProject
Project("{FAE04EC0-301F-11D3-BF4B-00C04F79EFBC}") = "Parser", "PirateParser\Parser.csproj", "{86E58DCE-0009-4F02-AA90-928DE16188DC}"
EndProject
Project("{FAE04EC0-301F-11D3-BF4B-00C04F79EFBC}") = "Interpreter", "PirateInterpreter\Interpreter.csproj", "{27D6C87E-8763-4108-B57D-ED6702377A74}"
EndProject
Project("{FAE04EC0-301F-11D3-BF4B-00C04F79EFBC}") = "Interpreter.Test", "PirateInterpreter.Test\Interpreter.Test.csproj", "{5B9BAF88-8564-4596-A976-020DF568C991}"
EndProject
Project("{FAE04EC0-301F-11D3-BF4B-00C04F79EFBC}") = "Lexer.Test", "PirateLexer.Test\Lexer.Test.csproj", "{25766A75-6C1C-4FB9-9C4D-57691DDF65AB}"
EndProject
Project("{FAE04EC0-301F-11D3-BF4B-00C04F79EFBC}") = "Parser.Test", "PirateParser.Test\Parser.Test.csproj", "{100016EC-FF10-4763-864C-265ABC3291FC}"
EndProject
Global
	GlobalSection(SolutionConfigurationPlatforms) = preSolution
		Debug|Any CPU = Debug|Any CPU
		Release|Any CPU = Release|Any CPU
	EndGlobalSection
	GlobalSection(SolutionProperties) = preSolution
		HideSolutionNode = FALSE
	EndGlobalSection
	GlobalSection(ProjectConfigurationPlatforms) = postSolution
		{12B19978-5BBE-43F9-B73F-941AE86CDE6A}.Debug|Any CPU.ActiveCfg = Debug|Any CPU
		{12B19978-5BBE-43F9-B73F-941AE86CDE6A}.Debug|Any CPU.Build.0 = Debug|Any CPU
		{12B19978-5BBE-43F9-B73F-941AE86CDE6A}.Release|Any CPU.ActiveCfg = Release|Any CPU
		{12B19978-5BBE-43F9-B73F-941AE86CDE6A}.Release|Any CPU.Build.0 = Release|Any CPU
		{6208037C-0600-4E2E-8E3F-AEF8B456BCA9}.Debug|Any CPU.ActiveCfg = Debug|Any CPU
		{6208037C-0600-4E2E-8E3F-AEF8B456BCA9}.Debug|Any CPU.Build.0 = Debug|Any CPU
		{6208037C-0600-4E2E-8E3F-AEF8B456BCA9}.Release|Any CPU.ActiveCfg = Release|Any CPU
		{6208037C-0600-4E2E-8E3F-AEF8B456BCA9}.Release|Any CPU.Build.0 = Release|Any CPU
		{F07A2F50-E7E9-440D-8077-E3C2F425E129}.Debug|Any CPU.ActiveCfg = Debug|Any CPU
		{F07A2F50-E7E9-440D-8077-E3C2F425E129}.Debug|Any CPU.Build.0 = Debug|Any CPU
		{F07A2F50-E7E9-440D-8077-E3C2F425E129}.Release|Any CPU.ActiveCfg = Release|Any CPU
		{F07A2F50-E7E9-440D-8077-E3C2F425E129}.Release|Any CPU.Build.0 = Release|Any CPU
		{8D39609C-C369-405C-A762-6FC9DFB8FE5D}.Debug|Any CPU.ActiveCfg = Debug|Any CPU
		{8D39609C-C369-405C-A762-6FC9DFB8FE5D}.Debug|Any CPU.Build.0 = Debug|Any CPU
		{8D39609C-C369-405C-A762-6FC9DFB8FE5D}.Release|Any CPU.ActiveCfg = Release|Any CPU
		{8D39609C-C369-405C-A762-6FC9DFB8FE5D}.Release|Any CPU.Build.0 = Release|Any CPU
		{86E58DCE-0009-4F02-AA90-928DE16188DC}.Debug|Any CPU.ActiveCfg = Debug|Any CPU
		{86E58DCE-0009-4F02-AA90-928DE16188DC}.Debug|Any CPU.Build.0 = Debug|Any CPU
		{86E58DCE-0009-4F02-AA90-928DE16188DC}.Release|Any CPU.ActiveCfg = Release|Any CPU
		{86E58DCE-0009-4F02-AA90-928DE16188DC}.Release|Any CPU.Build.0 = Release|Any CPU
		{27D6C87E-8763-4108-B57D-ED6702377A74}.Debug|Any CPU.ActiveCfg = Debug|Any CPU
		{27D6C87E-8763-4108-B57D-ED6702377A74}.Debug|Any CPU.Build.0 = Debug|Any CPU
		{27D6C87E-8763-4108-B57D-ED6702377A74}.Release|Any CPU.ActiveCfg = Release|Any CPU
		{27D6C87E-8763-4108-B57D-ED6702377A74}.Release|Any CPU.Build.0 = Release|Any CPU
		{5B9BAF88-8564-4596-A976-020DF568C991}.Debug|Any CPU.ActiveCfg = Debug|Any CPU
		{5B9BAF88-8564-4596-A976-020DF568C991}.Debug|Any CPU.Build.0 = Debug|Any CPU
		{5B9BAF88-8564-4596-A976-020DF568C991}.Release|Any CPU.ActiveCfg = Release|Any CPU
		{5B9BAF88-8564-4596-A976-020DF568C991}.Release|Any CPU.Build.0 = Release|Any CPU
		{25766A75-6C1C-4FB9-9C4D-57691DDF65AB}.Debug|Any CPU.ActiveCfg = Debug|Any CPU
		{25766A75-6C1C-4FB9-9C4D-57691DDF65AB}.Debug|Any CPU.Build.0 = Debug|Any CPU
		{25766A75-6C1C-4FB9-9C4D-57691DDF65AB}.Release|Any CPU.ActiveCfg = Release|Any CPU
		{25766A75-6C1C-4FB9-9C4D-57691DDF65AB}.Release|Any CPU.Build.0 = Release|Any CPU
		{100016EC-FF10-4763-864C-265ABC3291FC}.Debug|Any CPU.ActiveCfg = Debug|Any CPU
		{100016EC-FF10-4763-864C-265ABC3291FC}.Debug|Any CPU.Build.0 = Debug|Any CPU
		{100016EC-FF10-4763-864C-265ABC3291FC}.Release|Any CPU.ActiveCfg = Release|Any CPU
		{100016EC-FF10-4763-864C-265ABC3291FC}.Release|Any CPU.Build.0 = Release|Any CPU
	EndGlobalSection
EndGlobal
