
Microsoft Visual Studio Solution File, Format Version 12.00
# Visual Studio Version 17
VisualStudioVersion = 17.0.32112.339
MinimumVisualStudioVersion = 10.0.40219.1
Project("{9A19103F-16F7-4668-BE54-9A1E7A4F7556}") = "PirateLang", "Shell\PirateLang.csproj", "{12B19978-5BBE-43F9-B73F-941AE86CDE6A}"
	ProjectSection(ProjectDependencies) = postProject
		{994A0905-9118-40F0-ABEE-7E8863AB885F} = {994A0905-9118-40F0-ABEE-7E8863AB885F}
		{9D8F5DFE-5D3E-499B-9EC3-BA1E40BC5306} = {9D8F5DFE-5D3E-499B-9EC3-BA1E40BC5306}
	EndProjectSection
EndProject
Project("{9A19103F-16F7-4668-BE54-9A1E7A4F7556}") = "Pirate.Common", "Pirate.Common\Pirate.Common.csproj", "{6208037C-0600-4E2E-8E3F-AEF8B456BCA9}"
	ProjectSection(ProjectDependencies) = postProject
		{994A0905-9118-40F0-ABEE-7E8863AB885F} = {994A0905-9118-40F0-ABEE-7E8863AB885F}
		{9D8F5DFE-5D3E-499B-9EC3-BA1E40BC5306} = {9D8F5DFE-5D3E-499B-9EC3-BA1E40BC5306}
	EndProjectSection
EndProject
Project("{9A19103F-16F7-4668-BE54-9A1E7A4F7556}") = "Pirate.Common.Test", "Pirate.Common.Test\Pirate.Common.Test.csproj", "{F07A2F50-E7E9-440D-8077-E3C2F425E129}"
	ProjectSection(ProjectDependencies) = postProject
		{994A0905-9118-40F0-ABEE-7E8863AB885F} = {994A0905-9118-40F0-ABEE-7E8863AB885F}
		{9D8F5DFE-5D3E-499B-9EC3-BA1E40BC5306} = {9D8F5DFE-5D3E-499B-9EC3-BA1E40BC5306}
	EndProjectSection
EndProject
Project("{9A19103F-16F7-4668-BE54-9A1E7A4F7556}") = "Pirate.Parser", "Pirate.Parser\Pirate.Parser.csproj", "{86E58DCE-0009-4F02-AA90-928DE16188DC}"
	ProjectSection(ProjectDependencies) = postProject
		{994A0905-9118-40F0-ABEE-7E8863AB885F} = {994A0905-9118-40F0-ABEE-7E8863AB885F}
		{9D8F5DFE-5D3E-499B-9EC3-BA1E40BC5306} = {9D8F5DFE-5D3E-499B-9EC3-BA1E40BC5306}
	EndProjectSection
EndProject
Project("{9A19103F-16F7-4668-BE54-9A1E7A4F7556}") = "Pirate.Interpreter", "Pirate.Interpreter\Pirate.Interpreter.csproj", "{27D6C87E-8763-4108-B57D-ED6702377A74}"
	ProjectSection(ProjectDependencies) = postProject
		{994A0905-9118-40F0-ABEE-7E8863AB885F} = {994A0905-9118-40F0-ABEE-7E8863AB885F}
		{9D8F5DFE-5D3E-499B-9EC3-BA1E40BC5306} = {9D8F5DFE-5D3E-499B-9EC3-BA1E40BC5306}
	EndProjectSection
EndProject
Project("{9A19103F-16F7-4668-BE54-9A1E7A4F7556}") = "Pirate.Interpreter.Test", "Pirate.Interpreter.Test\Pirate.Interpreter.Test.csproj", "{5B9BAF88-8564-4596-A976-020DF568C991}"
	ProjectSection(ProjectDependencies) = postProject
		{6208037C-0600-4E2E-8E3F-AEF8B456BCA9} = {6208037C-0600-4E2E-8E3F-AEF8B456BCA9}
		{994A0905-9118-40F0-ABEE-7E8863AB885F} = {994A0905-9118-40F0-ABEE-7E8863AB885F}
		{9D8F5DFE-5D3E-499B-9EC3-BA1E40BC5306} = {9D8F5DFE-5D3E-499B-9EC3-BA1E40BC5306}
	EndProjectSection
EndProject
Project("{9A19103F-16F7-4668-BE54-9A1E7A4F7556}") = "Pirate.Parser.Test", "Pirate.Parser.Test\Pirate.Parser.Test.csproj", "{100016EC-FF10-4763-864C-265ABC3291FC}"
	ProjectSection(ProjectDependencies) = postProject
		{6208037C-0600-4E2E-8E3F-AEF8B456BCA9} = {6208037C-0600-4E2E-8E3F-AEF8B456BCA9}
		{994A0905-9118-40F0-ABEE-7E8863AB885F} = {994A0905-9118-40F0-ABEE-7E8863AB885F}
		{9D8F5DFE-5D3E-499B-9EC3-BA1E40BC5306} = {9D8F5DFE-5D3E-499B-9EC3-BA1E40BC5306}
	EndProjectSection
EndProject
Project("{2150E333-8FDC-42A3-9474-1A3956D46DE8}") = "01. Shell", "01. Shell", "{5C3B936F-2BD9-4B5F-9108-CEA85BCB64E1}"
EndProject
Project("{2150E333-8FDC-42A3-9474-1A3956D46DE8}") = "02. Lexer", "02. Lexer", "{962D2974-A4A9-41A4-9C80-A5A771FDF8FB}"
EndProject
Project("{2150E333-8FDC-42A3-9474-1A3956D46DE8}") = "03. Parser", "03. Parser", "{3362B8FC-1514-450E-AE7D-55CA6EE7B25E}"
EndProject
Project("{2150E333-8FDC-42A3-9474-1A3956D46DE8}") = "04. Interpreter", "04. Interpreter", "{91D05D3E-60C0-49D3-86CE-CA1792F3CEC3}"
EndProject
Project("{2150E333-8FDC-42A3-9474-1A3956D46DE8}") = "09. Common", "09. Common", "{442F09BF-403A-4D42-9AA8-1258F42C47EA}"
EndProject
Project("{2150E333-8FDC-42A3-9474-1A3956D46DE8}") = "10. Tests", "10. Tests", "{60F943D9-5F8E-4F2E-8CE6-43136FD01893}"
EndProject
Project("{9A19103F-16F7-4668-BE54-9A1E7A4F7556}") = "Pirate.Spec.Test", "Pirate.Spec.Test\Pirate.Spec.Test.csproj", "{589C1500-A1DE-4179-A582-16D2D692621E}"
	ProjectSection(ProjectDependencies) = postProject
		{12B19978-5BBE-43F9-B73F-941AE86CDE6A} = {12B19978-5BBE-43F9-B73F-941AE86CDE6A}
		{27D6C87E-8763-4108-B57D-ED6702377A74} = {27D6C87E-8763-4108-B57D-ED6702377A74}
		{6208037C-0600-4E2E-8E3F-AEF8B456BCA9} = {6208037C-0600-4E2E-8E3F-AEF8B456BCA9}
		{86E58DCE-0009-4F02-AA90-928DE16188DC} = {86E58DCE-0009-4F02-AA90-928DE16188DC}
		{994A0905-9118-40F0-ABEE-7E8863AB885F} = {994A0905-9118-40F0-ABEE-7E8863AB885F}
		{9D8F5DFE-5D3E-499B-9EC3-BA1E40BC5306} = {9D8F5DFE-5D3E-499B-9EC3-BA1E40BC5306}
	EndProjectSection
EndProject
Project("{9A19103F-16F7-4668-BE54-9A1E7A4F7556}") = "Pirate.Common.Logger", "Pirate.Common.Logger\Pirate.Common.Logger.csproj", "{9D8F5DFE-5D3E-499B-9EC3-BA1E40BC5306}"
EndProject
Project("{9A19103F-16F7-4668-BE54-9A1E7A4F7556}") = "Pirate.Common.FileHandler", "Pirate.Common.FileHandler\Pirate.Common.FileHandler.csproj", "{994A0905-9118-40F0-ABEE-7E8863AB885F}"
EndProject
Project("{9A19103F-16F7-4668-BE54-9A1E7A4F7556}") = "Pirate.Common.Exception", "Pirate.Common.Exception\Pirate.Common.Exception.csproj", "{DDBCE537-3F2B-4B61-9155-727D0228C1F8}"
EndProject
Project("{6EC3EE1D-3C4E-46DD-8F32-0CC8E7565705}") = "Pirate.Lexer", "Pirate.Lexer.F\Pirate.Lexer.fsproj", "{A4A4D3AC-7144-4B38-9B2F-A9A5F15C56EC}"
EndProject
Project("{6EC3EE1D-3C4E-46DD-8F32-0CC8E7565705}") = "Pirate.Lexer.Test", "Pirate.Lexer.F.Test\Pirate.Lexer.Test.fsproj", "{1139E8DF-3504-47AC-803A-43EC68430E37}"
EndProject
Project("{9A19103F-16F7-4668-BE54-9A1E7A4F7556}") = "Pirate.Lexer.TokenType", "Pirate.Lexer.TokenType\Pirate.Lexer.TokenType.csproj", "{F079BF95-0F67-4C54-97D4-37014AF2EF64}"
EndProject
Project("{6EC3EE1D-3C4E-46DD-8F32-0CC8E7565705}") = "Pirate.Lexer.Enums", "Pirate.Lexer.Enums\Pirate.Lexer.Enums.fsproj", "{84BAD635-78D4-4FFD-B8A3-644142C850FE}"
EndProject
Project("{9A19103F-16F7-4668-BE54-9A1E7A4F7556}") = "Pirate.Interpreter.Values", "Pirate.Interpreter.Values\Pirate.Interpreter.Values.csproj", "{90B6E340-232D-40A5-93EF-609B48F29DB1}"
EndProject
Project("{9A19103F-16F7-4668-BE54-9A1E7A4F7556}") = "Pirate.Interpreter.Runtime", "Pirate.Interpreter.Runtime\Pirate.Interpreter.Runtime.csproj", "{59992EF1-88A4-4B29-82AD-DE6C2797FF24}"
EndProject
Project("{9A19103F-16F7-4668-BE54-9A1E7A4F7556}") = "Shell.ModuleList", "Shell.ModuleList\Shell.ModuleList.csproj", "{19591A47-6257-4E14-8FE3-9F328A46D041}"
EndProject
Project("{9A19103F-16F7-4668-BE54-9A1E7A4F7556}") = "Shell.Project", "Shell.Project\Shell.Project.csproj", "{93666037-8CB7-4CAF-A0C1-FBE5ADAAE7DF}"
EndProject
Project("{54435603-DBB4-11D2-8724-00A0C9A8B90C}") = "Shell.Installer.x86", "Shell.Installer\Shell.Installer.vdproj", "{B8D812EE-68A5-48FE-970C-AB44EB91ECB3}"
EndProject
Project("{2150E333-8FDC-42A3-9474-1A3956D46DE8}") = "11. Installers", "11. Installers", "{D713301D-CF9D-4289-B11A-A071C6619605}"
EndProject
Project("{54435603-DBB4-11D2-8724-00A0C9A8B90C}") = "Shell.Installer.x64", "Shell.Installer.x64\Shell.Installer.x64.vdproj", "{DA7C1F24-D53A-45B9-BD4B-3AB243DE2F4C}"
EndProject
Project("{FAE04EC0-301F-11D3-BF4B-00C04F79EFBC}") = "Shell.Installer.PostInstallAction", "Shell.Installer.PostInstallAction\Shell.Installer.PostInstallAction.csproj", "{D6430960-927E-44FD-850F-B02DDEA8529C}"
EndProject
Global
	GlobalSection(SolutionConfigurationPlatforms) = preSolution
		Debug|Any CPU = Debug|Any CPU
		Debug|x64 = Debug|x64
		Release|Any CPU = Release|Any CPU
		Release|x64 = Release|x64
	EndGlobalSection
	GlobalSection(ProjectConfigurationPlatforms) = postSolution
		{12B19978-5BBE-43F9-B73F-941AE86CDE6A}.Debug|Any CPU.ActiveCfg = Debug|Any CPU
		{12B19978-5BBE-43F9-B73F-941AE86CDE6A}.Debug|Any CPU.Build.0 = Debug|Any CPU
		{12B19978-5BBE-43F9-B73F-941AE86CDE6A}.Debug|x64.ActiveCfg = Debug|x64
		{12B19978-5BBE-43F9-B73F-941AE86CDE6A}.Debug|x64.Build.0 = Debug|x64
		{12B19978-5BBE-43F9-B73F-941AE86CDE6A}.Release|Any CPU.ActiveCfg = Release|Any CPU
		{12B19978-5BBE-43F9-B73F-941AE86CDE6A}.Release|Any CPU.Build.0 = Release|Any CPU
		{12B19978-5BBE-43F9-B73F-941AE86CDE6A}.Release|x64.ActiveCfg = Release|x64
		{12B19978-5BBE-43F9-B73F-941AE86CDE6A}.Release|x64.Build.0 = Release|x64
		{6208037C-0600-4E2E-8E3F-AEF8B456BCA9}.Debug|Any CPU.ActiveCfg = Debug|Any CPU
		{6208037C-0600-4E2E-8E3F-AEF8B456BCA9}.Debug|Any CPU.Build.0 = Debug|Any CPU
		{6208037C-0600-4E2E-8E3F-AEF8B456BCA9}.Debug|x64.ActiveCfg = Debug|Any CPU
		{6208037C-0600-4E2E-8E3F-AEF8B456BCA9}.Debug|x64.Build.0 = Debug|Any CPU
		{6208037C-0600-4E2E-8E3F-AEF8B456BCA9}.Release|Any CPU.ActiveCfg = Release|Any CPU
		{6208037C-0600-4E2E-8E3F-AEF8B456BCA9}.Release|Any CPU.Build.0 = Release|Any CPU
		{6208037C-0600-4E2E-8E3F-AEF8B456BCA9}.Release|x64.ActiveCfg = Release|Any CPU
		{6208037C-0600-4E2E-8E3F-AEF8B456BCA9}.Release|x64.Build.0 = Release|Any CPU
		{F07A2F50-E7E9-440D-8077-E3C2F425E129}.Debug|Any CPU.ActiveCfg = Debug|Any CPU
		{F07A2F50-E7E9-440D-8077-E3C2F425E129}.Debug|Any CPU.Build.0 = Debug|Any CPU
		{F07A2F50-E7E9-440D-8077-E3C2F425E129}.Debug|x64.ActiveCfg = Debug|Any CPU
		{F07A2F50-E7E9-440D-8077-E3C2F425E129}.Debug|x64.Build.0 = Debug|Any CPU
		{F07A2F50-E7E9-440D-8077-E3C2F425E129}.Release|Any CPU.ActiveCfg = Release|Any CPU
		{F07A2F50-E7E9-440D-8077-E3C2F425E129}.Release|Any CPU.Build.0 = Release|Any CPU
		{F07A2F50-E7E9-440D-8077-E3C2F425E129}.Release|x64.ActiveCfg = Release|Any CPU
		{F07A2F50-E7E9-440D-8077-E3C2F425E129}.Release|x64.Build.0 = Release|Any CPU
		{86E58DCE-0009-4F02-AA90-928DE16188DC}.Debug|Any CPU.ActiveCfg = Debug|Any CPU
		{86E58DCE-0009-4F02-AA90-928DE16188DC}.Debug|Any CPU.Build.0 = Debug|Any CPU
		{86E58DCE-0009-4F02-AA90-928DE16188DC}.Debug|x64.ActiveCfg = Debug|Any CPU
		{86E58DCE-0009-4F02-AA90-928DE16188DC}.Debug|x64.Build.0 = Debug|Any CPU
		{86E58DCE-0009-4F02-AA90-928DE16188DC}.Release|Any CPU.ActiveCfg = Release|Any CPU
		{86E58DCE-0009-4F02-AA90-928DE16188DC}.Release|Any CPU.Build.0 = Release|Any CPU
		{86E58DCE-0009-4F02-AA90-928DE16188DC}.Release|x64.ActiveCfg = Release|Any CPU
		{86E58DCE-0009-4F02-AA90-928DE16188DC}.Release|x64.Build.0 = Release|Any CPU
		{27D6C87E-8763-4108-B57D-ED6702377A74}.Debug|Any CPU.ActiveCfg = Debug|Any CPU
		{27D6C87E-8763-4108-B57D-ED6702377A74}.Debug|Any CPU.Build.0 = Debug|Any CPU
		{27D6C87E-8763-4108-B57D-ED6702377A74}.Debug|x64.ActiveCfg = Debug|Any CPU
		{27D6C87E-8763-4108-B57D-ED6702377A74}.Debug|x64.Build.0 = Debug|Any CPU
		{27D6C87E-8763-4108-B57D-ED6702377A74}.Release|Any CPU.ActiveCfg = Release|Any CPU
		{27D6C87E-8763-4108-B57D-ED6702377A74}.Release|Any CPU.Build.0 = Release|Any CPU
		{27D6C87E-8763-4108-B57D-ED6702377A74}.Release|x64.ActiveCfg = Release|Any CPU
		{27D6C87E-8763-4108-B57D-ED6702377A74}.Release|x64.Build.0 = Release|Any CPU
		{5B9BAF88-8564-4596-A976-020DF568C991}.Debug|Any CPU.ActiveCfg = Debug|Any CPU
		{5B9BAF88-8564-4596-A976-020DF568C991}.Debug|Any CPU.Build.0 = Debug|Any CPU
		{5B9BAF88-8564-4596-A976-020DF568C991}.Debug|x64.ActiveCfg = Debug|Any CPU
		{5B9BAF88-8564-4596-A976-020DF568C991}.Debug|x64.Build.0 = Debug|Any CPU
		{5B9BAF88-8564-4596-A976-020DF568C991}.Release|Any CPU.ActiveCfg = Release|Any CPU
		{5B9BAF88-8564-4596-A976-020DF568C991}.Release|Any CPU.Build.0 = Release|Any CPU
		{5B9BAF88-8564-4596-A976-020DF568C991}.Release|x64.ActiveCfg = Release|Any CPU
		{5B9BAF88-8564-4596-A976-020DF568C991}.Release|x64.Build.0 = Release|Any CPU
		{100016EC-FF10-4763-864C-265ABC3291FC}.Debug|Any CPU.ActiveCfg = Debug|Any CPU
		{100016EC-FF10-4763-864C-265ABC3291FC}.Debug|Any CPU.Build.0 = Debug|Any CPU
		{100016EC-FF10-4763-864C-265ABC3291FC}.Debug|x64.ActiveCfg = Debug|Any CPU
		{100016EC-FF10-4763-864C-265ABC3291FC}.Debug|x64.Build.0 = Debug|Any CPU
		{100016EC-FF10-4763-864C-265ABC3291FC}.Release|Any CPU.ActiveCfg = Release|Any CPU
		{100016EC-FF10-4763-864C-265ABC3291FC}.Release|Any CPU.Build.0 = Release|Any CPU
		{100016EC-FF10-4763-864C-265ABC3291FC}.Release|x64.ActiveCfg = Release|Any CPU
		{100016EC-FF10-4763-864C-265ABC3291FC}.Release|x64.Build.0 = Release|Any CPU
		{589C1500-A1DE-4179-A582-16D2D692621E}.Debug|Any CPU.ActiveCfg = Debug|Any CPU
		{589C1500-A1DE-4179-A582-16D2D692621E}.Debug|Any CPU.Build.0 = Debug|Any CPU
		{589C1500-A1DE-4179-A582-16D2D692621E}.Debug|x64.ActiveCfg = Debug|Any CPU
		{589C1500-A1DE-4179-A582-16D2D692621E}.Debug|x64.Build.0 = Debug|Any CPU
		{589C1500-A1DE-4179-A582-16D2D692621E}.Release|Any CPU.ActiveCfg = Release|Any CPU
		{589C1500-A1DE-4179-A582-16D2D692621E}.Release|Any CPU.Build.0 = Release|Any CPU
		{589C1500-A1DE-4179-A582-16D2D692621E}.Release|x64.ActiveCfg = Release|Any CPU
		{589C1500-A1DE-4179-A582-16D2D692621E}.Release|x64.Build.0 = Release|Any CPU
		{9D8F5DFE-5D3E-499B-9EC3-BA1E40BC5306}.Debug|Any CPU.ActiveCfg = Debug|Any CPU
		{9D8F5DFE-5D3E-499B-9EC3-BA1E40BC5306}.Debug|Any CPU.Build.0 = Debug|Any CPU
		{9D8F5DFE-5D3E-499B-9EC3-BA1E40BC5306}.Debug|x64.ActiveCfg = Debug|Any CPU
		{9D8F5DFE-5D3E-499B-9EC3-BA1E40BC5306}.Debug|x64.Build.0 = Debug|Any CPU
		{9D8F5DFE-5D3E-499B-9EC3-BA1E40BC5306}.Release|Any CPU.ActiveCfg = Release|Any CPU
		{9D8F5DFE-5D3E-499B-9EC3-BA1E40BC5306}.Release|Any CPU.Build.0 = Release|Any CPU
		{9D8F5DFE-5D3E-499B-9EC3-BA1E40BC5306}.Release|x64.ActiveCfg = Release|Any CPU
		{9D8F5DFE-5D3E-499B-9EC3-BA1E40BC5306}.Release|x64.Build.0 = Release|Any CPU
		{994A0905-9118-40F0-ABEE-7E8863AB885F}.Debug|Any CPU.ActiveCfg = Debug|Any CPU
		{994A0905-9118-40F0-ABEE-7E8863AB885F}.Debug|Any CPU.Build.0 = Debug|Any CPU
		{994A0905-9118-40F0-ABEE-7E8863AB885F}.Debug|x64.ActiveCfg = Debug|Any CPU
		{994A0905-9118-40F0-ABEE-7E8863AB885F}.Debug|x64.Build.0 = Debug|Any CPU
		{994A0905-9118-40F0-ABEE-7E8863AB885F}.Release|Any CPU.ActiveCfg = Release|Any CPU
		{994A0905-9118-40F0-ABEE-7E8863AB885F}.Release|Any CPU.Build.0 = Release|Any CPU
		{994A0905-9118-40F0-ABEE-7E8863AB885F}.Release|x64.ActiveCfg = Release|Any CPU
		{994A0905-9118-40F0-ABEE-7E8863AB885F}.Release|x64.Build.0 = Release|Any CPU
		{DDBCE537-3F2B-4B61-9155-727D0228C1F8}.Debug|Any CPU.ActiveCfg = Debug|Any CPU
		{DDBCE537-3F2B-4B61-9155-727D0228C1F8}.Debug|Any CPU.Build.0 = Debug|Any CPU
		{DDBCE537-3F2B-4B61-9155-727D0228C1F8}.Debug|x64.ActiveCfg = Debug|Any CPU
		{DDBCE537-3F2B-4B61-9155-727D0228C1F8}.Debug|x64.Build.0 = Debug|Any CPU
		{DDBCE537-3F2B-4B61-9155-727D0228C1F8}.Release|Any CPU.ActiveCfg = Release|Any CPU
		{DDBCE537-3F2B-4B61-9155-727D0228C1F8}.Release|Any CPU.Build.0 = Release|Any CPU
		{DDBCE537-3F2B-4B61-9155-727D0228C1F8}.Release|x64.ActiveCfg = Release|Any CPU
		{DDBCE537-3F2B-4B61-9155-727D0228C1F8}.Release|x64.Build.0 = Release|Any CPU
		{A4A4D3AC-7144-4B38-9B2F-A9A5F15C56EC}.Debug|Any CPU.ActiveCfg = Debug|Any CPU
		{A4A4D3AC-7144-4B38-9B2F-A9A5F15C56EC}.Debug|Any CPU.Build.0 = Debug|Any CPU
		{A4A4D3AC-7144-4B38-9B2F-A9A5F15C56EC}.Debug|x64.ActiveCfg = Debug|Any CPU
		{A4A4D3AC-7144-4B38-9B2F-A9A5F15C56EC}.Debug|x64.Build.0 = Debug|Any CPU
		{A4A4D3AC-7144-4B38-9B2F-A9A5F15C56EC}.Release|Any CPU.ActiveCfg = Release|Any CPU
		{A4A4D3AC-7144-4B38-9B2F-A9A5F15C56EC}.Release|Any CPU.Build.0 = Release|Any CPU
		{A4A4D3AC-7144-4B38-9B2F-A9A5F15C56EC}.Release|x64.ActiveCfg = Release|Any CPU
		{A4A4D3AC-7144-4B38-9B2F-A9A5F15C56EC}.Release|x64.Build.0 = Release|Any CPU
		{1139E8DF-3504-47AC-803A-43EC68430E37}.Debug|Any CPU.ActiveCfg = Debug|Any CPU
		{1139E8DF-3504-47AC-803A-43EC68430E37}.Debug|Any CPU.Build.0 = Debug|Any CPU
		{1139E8DF-3504-47AC-803A-43EC68430E37}.Debug|x64.ActiveCfg = Debug|Any CPU
		{1139E8DF-3504-47AC-803A-43EC68430E37}.Debug|x64.Build.0 = Debug|Any CPU
		{1139E8DF-3504-47AC-803A-43EC68430E37}.Release|Any CPU.ActiveCfg = Release|Any CPU
		{1139E8DF-3504-47AC-803A-43EC68430E37}.Release|Any CPU.Build.0 = Release|Any CPU
		{1139E8DF-3504-47AC-803A-43EC68430E37}.Release|x64.ActiveCfg = Release|Any CPU
		{1139E8DF-3504-47AC-803A-43EC68430E37}.Release|x64.Build.0 = Release|Any CPU
		{F079BF95-0F67-4C54-97D4-37014AF2EF64}.Debug|Any CPU.ActiveCfg = Debug|Any CPU
		{F079BF95-0F67-4C54-97D4-37014AF2EF64}.Debug|Any CPU.Build.0 = Debug|Any CPU
		{F079BF95-0F67-4C54-97D4-37014AF2EF64}.Debug|x64.ActiveCfg = Debug|Any CPU
		{F079BF95-0F67-4C54-97D4-37014AF2EF64}.Debug|x64.Build.0 = Debug|Any CPU
		{F079BF95-0F67-4C54-97D4-37014AF2EF64}.Release|Any CPU.ActiveCfg = Release|Any CPU
		{F079BF95-0F67-4C54-97D4-37014AF2EF64}.Release|Any CPU.Build.0 = Release|Any CPU
		{F079BF95-0F67-4C54-97D4-37014AF2EF64}.Release|x64.ActiveCfg = Release|Any CPU
		{F079BF95-0F67-4C54-97D4-37014AF2EF64}.Release|x64.Build.0 = Release|Any CPU
		{84BAD635-78D4-4FFD-B8A3-644142C850FE}.Debug|Any CPU.ActiveCfg = Debug|Any CPU
		{84BAD635-78D4-4FFD-B8A3-644142C850FE}.Debug|Any CPU.Build.0 = Debug|Any CPU
		{84BAD635-78D4-4FFD-B8A3-644142C850FE}.Debug|x64.ActiveCfg = Debug|Any CPU
		{84BAD635-78D4-4FFD-B8A3-644142C850FE}.Debug|x64.Build.0 = Debug|Any CPU
		{84BAD635-78D4-4FFD-B8A3-644142C850FE}.Release|Any CPU.ActiveCfg = Release|Any CPU
		{84BAD635-78D4-4FFD-B8A3-644142C850FE}.Release|Any CPU.Build.0 = Release|Any CPU
		{84BAD635-78D4-4FFD-B8A3-644142C850FE}.Release|x64.ActiveCfg = Release|Any CPU
		{84BAD635-78D4-4FFD-B8A3-644142C850FE}.Release|x64.Build.0 = Release|Any CPU
		{90B6E340-232D-40A5-93EF-609B48F29DB1}.Debug|Any CPU.ActiveCfg = Debug|Any CPU
		{90B6E340-232D-40A5-93EF-609B48F29DB1}.Debug|Any CPU.Build.0 = Debug|Any CPU
		{90B6E340-232D-40A5-93EF-609B48F29DB1}.Debug|x64.ActiveCfg = Debug|Any CPU
		{90B6E340-232D-40A5-93EF-609B48F29DB1}.Debug|x64.Build.0 = Debug|Any CPU
		{90B6E340-232D-40A5-93EF-609B48F29DB1}.Release|Any CPU.ActiveCfg = Release|Any CPU
		{90B6E340-232D-40A5-93EF-609B48F29DB1}.Release|Any CPU.Build.0 = Release|Any CPU
		{90B6E340-232D-40A5-93EF-609B48F29DB1}.Release|x64.ActiveCfg = Release|Any CPU
		{90B6E340-232D-40A5-93EF-609B48F29DB1}.Release|x64.Build.0 = Release|Any CPU
		{59992EF1-88A4-4B29-82AD-DE6C2797FF24}.Debug|Any CPU.ActiveCfg = Debug|Any CPU
		{59992EF1-88A4-4B29-82AD-DE6C2797FF24}.Debug|Any CPU.Build.0 = Debug|Any CPU
		{59992EF1-88A4-4B29-82AD-DE6C2797FF24}.Debug|x64.ActiveCfg = Debug|Any CPU
		{59992EF1-88A4-4B29-82AD-DE6C2797FF24}.Debug|x64.Build.0 = Debug|Any CPU
		{59992EF1-88A4-4B29-82AD-DE6C2797FF24}.Release|Any CPU.ActiveCfg = Release|Any CPU
		{59992EF1-88A4-4B29-82AD-DE6C2797FF24}.Release|Any CPU.Build.0 = Release|Any CPU
		{59992EF1-88A4-4B29-82AD-DE6C2797FF24}.Release|x64.ActiveCfg = Release|Any CPU
		{59992EF1-88A4-4B29-82AD-DE6C2797FF24}.Release|x64.Build.0 = Release|Any CPU
		{19591A47-6257-4E14-8FE3-9F328A46D041}.Debug|Any CPU.ActiveCfg = Debug|Any CPU
		{19591A47-6257-4E14-8FE3-9F328A46D041}.Debug|Any CPU.Build.0 = Debug|Any CPU
		{19591A47-6257-4E14-8FE3-9F328A46D041}.Debug|x64.ActiveCfg = Debug|Any CPU
		{19591A47-6257-4E14-8FE3-9F328A46D041}.Debug|x64.Build.0 = Debug|Any CPU
		{19591A47-6257-4E14-8FE3-9F328A46D041}.Release|Any CPU.ActiveCfg = Release|Any CPU
		{19591A47-6257-4E14-8FE3-9F328A46D041}.Release|Any CPU.Build.0 = Release|Any CPU
		{19591A47-6257-4E14-8FE3-9F328A46D041}.Release|x64.ActiveCfg = Release|Any CPU
		{19591A47-6257-4E14-8FE3-9F328A46D041}.Release|x64.Build.0 = Release|Any CPU
		{93666037-8CB7-4CAF-A0C1-FBE5ADAAE7DF}.Debug|Any CPU.ActiveCfg = Debug|Any CPU
		{93666037-8CB7-4CAF-A0C1-FBE5ADAAE7DF}.Debug|Any CPU.Build.0 = Debug|Any CPU
		{93666037-8CB7-4CAF-A0C1-FBE5ADAAE7DF}.Debug|x64.ActiveCfg = Debug|Any CPU
		{93666037-8CB7-4CAF-A0C1-FBE5ADAAE7DF}.Debug|x64.Build.0 = Debug|Any CPU
		{93666037-8CB7-4CAF-A0C1-FBE5ADAAE7DF}.Release|Any CPU.ActiveCfg = Release|Any CPU
		{93666037-8CB7-4CAF-A0C1-FBE5ADAAE7DF}.Release|Any CPU.Build.0 = Release|Any CPU
		{93666037-8CB7-4CAF-A0C1-FBE5ADAAE7DF}.Release|x64.ActiveCfg = Release|Any CPU
		{93666037-8CB7-4CAF-A0C1-FBE5ADAAE7DF}.Release|x64.Build.0 = Release|Any CPU
		{B8D812EE-68A5-48FE-970C-AB44EB91ECB3}.Debug|Any CPU.ActiveCfg = Debug
		{B8D812EE-68A5-48FE-970C-AB44EB91ECB3}.Debug|x64.ActiveCfg = Debug
		{B8D812EE-68A5-48FE-970C-AB44EB91ECB3}.Debug|x64.Build.0 = Debug
		{B8D812EE-68A5-48FE-970C-AB44EB91ECB3}.Release|Any CPU.ActiveCfg = Release
		{B8D812EE-68A5-48FE-970C-AB44EB91ECB3}.Release|x64.ActiveCfg = Release
		{B8D812EE-68A5-48FE-970C-AB44EB91ECB3}.Release|x64.Build.0 = Release
		{DA7C1F24-D53A-45B9-BD4B-3AB243DE2F4C}.Debug|Any CPU.ActiveCfg = Debug
		{DA7C1F24-D53A-45B9-BD4B-3AB243DE2F4C}.Debug|x64.ActiveCfg = Debug
		{DA7C1F24-D53A-45B9-BD4B-3AB243DE2F4C}.Release|Any CPU.ActiveCfg = Release
		{DA7C1F24-D53A-45B9-BD4B-3AB243DE2F4C}.Release|x64.ActiveCfg = Release
		{D6430960-927E-44FD-850F-B02DDEA8529C}.Debug|Any CPU.ActiveCfg = Debug|Any CPU
		{D6430960-927E-44FD-850F-B02DDEA8529C}.Debug|Any CPU.Build.0 = Debug|Any CPU
		{D6430960-927E-44FD-850F-B02DDEA8529C}.Debug|x64.ActiveCfg = Debug|Any CPU
		{D6430960-927E-44FD-850F-B02DDEA8529C}.Debug|x64.Build.0 = Debug|Any CPU
		{D6430960-927E-44FD-850F-B02DDEA8529C}.Release|Any CPU.ActiveCfg = Release|Any CPU
		{D6430960-927E-44FD-850F-B02DDEA8529C}.Release|Any CPU.Build.0 = Release|Any CPU
		{D6430960-927E-44FD-850F-B02DDEA8529C}.Release|x64.ActiveCfg = Release|Any CPU
		{D6430960-927E-44FD-850F-B02DDEA8529C}.Release|x64.Build.0 = Release|Any CPU
	EndGlobalSection
	GlobalSection(SolutionProperties) = preSolution
		HideSolutionNode = FALSE
	EndGlobalSection
	GlobalSection(NestedProjects) = preSolution
		{12B19978-5BBE-43F9-B73F-941AE86CDE6A} = {5C3B936F-2BD9-4B5F-9108-CEA85BCB64E1}
		{6208037C-0600-4E2E-8E3F-AEF8B456BCA9} = {442F09BF-403A-4D42-9AA8-1258F42C47EA}
		{F07A2F50-E7E9-440D-8077-E3C2F425E129} = {442F09BF-403A-4D42-9AA8-1258F42C47EA}
		{86E58DCE-0009-4F02-AA90-928DE16188DC} = {3362B8FC-1514-450E-AE7D-55CA6EE7B25E}
		{27D6C87E-8763-4108-B57D-ED6702377A74} = {91D05D3E-60C0-49D3-86CE-CA1792F3CEC3}
		{5B9BAF88-8564-4596-A976-020DF568C991} = {91D05D3E-60C0-49D3-86CE-CA1792F3CEC3}
		{100016EC-FF10-4763-864C-265ABC3291FC} = {3362B8FC-1514-450E-AE7D-55CA6EE7B25E}
		{589C1500-A1DE-4179-A582-16D2D692621E} = {60F943D9-5F8E-4F2E-8CE6-43136FD01893}
		{9D8F5DFE-5D3E-499B-9EC3-BA1E40BC5306} = {442F09BF-403A-4D42-9AA8-1258F42C47EA}
		{994A0905-9118-40F0-ABEE-7E8863AB885F} = {442F09BF-403A-4D42-9AA8-1258F42C47EA}
		{DDBCE537-3F2B-4B61-9155-727D0228C1F8} = {442F09BF-403A-4D42-9AA8-1258F42C47EA}
		{A4A4D3AC-7144-4B38-9B2F-A9A5F15C56EC} = {962D2974-A4A9-41A4-9C80-A5A771FDF8FB}
		{1139E8DF-3504-47AC-803A-43EC68430E37} = {962D2974-A4A9-41A4-9C80-A5A771FDF8FB}
		{F079BF95-0F67-4C54-97D4-37014AF2EF64} = {962D2974-A4A9-41A4-9C80-A5A771FDF8FB}
		{84BAD635-78D4-4FFD-B8A3-644142C850FE} = {962D2974-A4A9-41A4-9C80-A5A771FDF8FB}
		{90B6E340-232D-40A5-93EF-609B48F29DB1} = {91D05D3E-60C0-49D3-86CE-CA1792F3CEC3}
		{59992EF1-88A4-4B29-82AD-DE6C2797FF24} = {91D05D3E-60C0-49D3-86CE-CA1792F3CEC3}
		{19591A47-6257-4E14-8FE3-9F328A46D041} = {5C3B936F-2BD9-4B5F-9108-CEA85BCB64E1}
		{93666037-8CB7-4CAF-A0C1-FBE5ADAAE7DF} = {5C3B936F-2BD9-4B5F-9108-CEA85BCB64E1}
		{B8D812EE-68A5-48FE-970C-AB44EB91ECB3} = {D713301D-CF9D-4289-B11A-A071C6619605}
		{DA7C1F24-D53A-45B9-BD4B-3AB243DE2F4C} = {D713301D-CF9D-4289-B11A-A071C6619605}
		{D6430960-927E-44FD-850F-B02DDEA8529C} = {D713301D-CF9D-4289-B11A-A071C6619605}
	EndGlobalSection
	GlobalSection(ExtensibilityGlobals) = postSolution
		SolutionGuid = {279A73C5-70E8-4B6D-B235-3467F0CC98A9}
	EndGlobalSection
EndGlobal
