
Microsoft Visual Studio Solution File, Format Version 12.00
# Visual Studio Version 17
VisualStudioVersion = 17.0.32112.339
MinimumVisualStudioVersion = 10.0.40219.1
Project("{9A19103F-16F7-4668-BE54-9A1E7A4F7556}") = "Shell", "Shell\Shell.csproj", "{12B19978-5BBE-43F9-B73F-941AE86CDE6A}"
EndProject
Project("{9A19103F-16F7-4668-BE54-9A1E7A4F7556}") = "Pirate.Common", "Common\Pirate.Common.csproj", "{6208037C-0600-4E2E-8E3F-AEF8B456BCA9}"
EndProject
Project("{9A19103F-16F7-4668-BE54-9A1E7A4F7556}") = "Pirate.Common.Test", "Common.Test\Pirate.Common.Test.csproj", "{F07A2F50-E7E9-440D-8077-E3C2F425E129}"
EndProject
Project("{9A19103F-16F7-4668-BE54-9A1E7A4F7556}") = "Pirate.Lexer", "PirateLexer\Pirate.Lexer.csproj", "{8D39609C-C369-405C-A762-6FC9DFB8FE5D}"
EndProject
Project("{9A19103F-16F7-4668-BE54-9A1E7A4F7556}") = "Pirate.Parser", "PirateParser\Pirate.Parser.csproj", "{86E58DCE-0009-4F02-AA90-928DE16188DC}"
EndProject
Project("{9A19103F-16F7-4668-BE54-9A1E7A4F7556}") = "Pirate.Interpreter", "PirateInterpreter\Pirate.Interpreter.csproj", "{27D6C87E-8763-4108-B57D-ED6702377A74}"
EndProject
Project("{9A19103F-16F7-4668-BE54-9A1E7A4F7556}") = "Pirate.Interpreter.Test", "PirateInterpreter.Test\Pirate.Interpreter.Test.csproj", "{5B9BAF88-8564-4596-A976-020DF568C991}"
EndProject
Project("{9A19103F-16F7-4668-BE54-9A1E7A4F7556}") = "Pirate.Lexer.Test", "PirateLexer.Test\Pirate.Lexer.Test.csproj", "{25766A75-6C1C-4FB9-9C4D-57691DDF65AB}"
EndProject
Project("{9A19103F-16F7-4668-BE54-9A1E7A4F7556}") = "Pirate.Parser.Test", "PirateParser.Test\Pirate.Parser.Test.csproj", "{100016EC-FF10-4763-864C-265ABC3291FC}"
EndProject
Project("{2150E333-8FDC-42A3-9474-1A3956D46DE8}") = "01. Shell", "01. Shell", "{5C3B936F-2BD9-4B5F-9108-CEA85BCB64E1}"
EndProject
Project("{2150E333-8FDC-42A3-9474-1A3956D46DE8}") = "02. Lexer", "02. Lexer", "{962D2974-A4A9-41A4-9C80-A5A771FDF8FB}"
EndProject
Project("{2150E333-8FDC-42A3-9474-1A3956D46DE8}") = "03. Parser", "03. Parser", "{3362B8FC-1514-450E-AE7D-55CA6EE7B25E}"
EndProject
Project("{2150E333-8FDC-42A3-9474-1A3956D46DE8}") = "04. Interpreter", "04. Interpreter", "{91D05D3E-60C0-49D3-86CE-CA1792F3CEC3}"
EndProject
Project("{2150E333-8FDC-42A3-9474-1A3956D46DE8}") = "09. Common", "09. Common", "{442F09BF-403A-4D42-9AA8-1258F42C47EA}"
EndProject
Project("{2150E333-8FDC-42A3-9474-1A3956D46DE8}") = "10. Tests", "10. Tests", "{60F943D9-5F8E-4F2E-8CE6-43136FD01893}"
EndProject
Project("{9A19103F-16F7-4668-BE54-9A1E7A4F7556}") = "Pirate.Spec.Test", "SpecflowTest\Pirate.Spec.Test.csproj", "{589C1500-A1DE-4179-A582-16D2D692621E}"
EndProject
Project("{FAE04EC0-301F-11D3-BF4B-00C04F79EFBC}") = "Pirate.Common.Logger", "Pirate.Common.Logger\Pirate.Common.Logger.csproj", "{9D8F5DFE-5D3E-499B-9EC3-BA1E40BC5306}"
EndProject
Global
	GlobalSection(SolutionConfigurationPlatforms) = preSolution
		Debug|Any CPU = Debug|Any CPU
		Release|Any CPU = Release|Any CPU
	EndGlobalSection
	GlobalSection(ProjectConfigurationPlatforms) = postSolution
		{12B19978-5BBE-43F9-B73F-941AE86CDE6A}.Debug|Any CPU.ActiveCfg = Debug|Any CPU
		{12B19978-5BBE-43F9-B73F-941AE86CDE6A}.Debug|Any CPU.Build.0 = Debug|Any CPU
		{12B19978-5BBE-43F9-B73F-941AE86CDE6A}.Release|Any CPU.ActiveCfg = Release|Any CPU
		{12B19978-5BBE-43F9-B73F-941AE86CDE6A}.Release|Any CPU.Build.0 = Release|Any CPU
		{6208037C-0600-4E2E-8E3F-AEF8B456BCA9}.Debug|Any CPU.ActiveCfg = Debug|Any CPU
		{6208037C-0600-4E2E-8E3F-AEF8B456BCA9}.Debug|Any CPU.Build.0 = Debug|Any CPU
		{6208037C-0600-4E2E-8E3F-AEF8B456BCA9}.Release|Any CPU.ActiveCfg = Release|Any CPU
		{6208037C-0600-4E2E-8E3F-AEF8B456BCA9}.Release|Any CPU.Build.0 = Release|Any CPU
		{F07A2F50-E7E9-440D-8077-E3C2F425E129}.Debug|Any CPU.ActiveCfg = Debug|Any CPU
		{F07A2F50-E7E9-440D-8077-E3C2F425E129}.Debug|Any CPU.Build.0 = Debug|Any CPU
		{F07A2F50-E7E9-440D-8077-E3C2F425E129}.Release|Any CPU.ActiveCfg = Release|Any CPU
		{F07A2F50-E7E9-440D-8077-E3C2F425E129}.Release|Any CPU.Build.0 = Release|Any CPU
		{8D39609C-C369-405C-A762-6FC9DFB8FE5D}.Debug|Any CPU.ActiveCfg = Debug|Any CPU
		{8D39609C-C369-405C-A762-6FC9DFB8FE5D}.Debug|Any CPU.Build.0 = Debug|Any CPU
		{8D39609C-C369-405C-A762-6FC9DFB8FE5D}.Release|Any CPU.ActiveCfg = Release|Any CPU
		{8D39609C-C369-405C-A762-6FC9DFB8FE5D}.Release|Any CPU.Build.0 = Release|Any CPU
		{86E58DCE-0009-4F02-AA90-928DE16188DC}.Debug|Any CPU.ActiveCfg = Debug|Any CPU
		{86E58DCE-0009-4F02-AA90-928DE16188DC}.Debug|Any CPU.Build.0 = Debug|Any CPU
		{86E58DCE-0009-4F02-AA90-928DE16188DC}.Release|Any CPU.ActiveCfg = Release|Any CPU
		{86E58DCE-0009-4F02-AA90-928DE16188DC}.Release|Any CPU.Build.0 = Release|Any CPU
		{27D6C87E-8763-4108-B57D-ED6702377A74}.Debug|Any CPU.ActiveCfg = Debug|Any CPU
		{27D6C87E-8763-4108-B57D-ED6702377A74}.Debug|Any CPU.Build.0 = Debug|Any CPU
		{27D6C87E-8763-4108-B57D-ED6702377A74}.Release|Any CPU.ActiveCfg = Release|Any CPU
		{27D6C87E-8763-4108-B57D-ED6702377A74}.Release|Any CPU.Build.0 = Release|Any CPU
		{5B9BAF88-8564-4596-A976-020DF568C991}.Debug|Any CPU.ActiveCfg = Debug|Any CPU
		{5B9BAF88-8564-4596-A976-020DF568C991}.Debug|Any CPU.Build.0 = Debug|Any CPU
		{5B9BAF88-8564-4596-A976-020DF568C991}.Release|Any CPU.ActiveCfg = Release|Any CPU
		{5B9BAF88-8564-4596-A976-020DF568C991}.Release|Any CPU.Build.0 = Release|Any CPU
		{25766A75-6C1C-4FB9-9C4D-57691DDF65AB}.Debug|Any CPU.ActiveCfg = Debug|Any CPU
		{25766A75-6C1C-4FB9-9C4D-57691DDF65AB}.Debug|Any CPU.Build.0 = Debug|Any CPU
		{25766A75-6C1C-4FB9-9C4D-57691DDF65AB}.Release|Any CPU.ActiveCfg = Release|Any CPU
		{25766A75-6C1C-4FB9-9C4D-57691DDF65AB}.Release|Any CPU.Build.0 = Release|Any CPU
		{100016EC-FF10-4763-864C-265ABC3291FC}.Debug|Any CPU.ActiveCfg = Debug|Any CPU
		{100016EC-FF10-4763-864C-265ABC3291FC}.Debug|Any CPU.Build.0 = Debug|Any CPU
		{100016EC-FF10-4763-864C-265ABC3291FC}.Release|Any CPU.ActiveCfg = Release|Any CPU
		{100016EC-FF10-4763-864C-265ABC3291FC}.Release|Any CPU.Build.0 = Release|Any CPU
		{589C1500-A1DE-4179-A582-16D2D692621E}.Debug|Any CPU.ActiveCfg = Debug|Any CPU
		{589C1500-A1DE-4179-A582-16D2D692621E}.Debug|Any CPU.Build.0 = Debug|Any CPU
		{589C1500-A1DE-4179-A582-16D2D692621E}.Release|Any CPU.ActiveCfg = Release|Any CPU
		{589C1500-A1DE-4179-A582-16D2D692621E}.Release|Any CPU.Build.0 = Release|Any CPU
		{9D8F5DFE-5D3E-499B-9EC3-BA1E40BC5306}.Debug|Any CPU.ActiveCfg = Debug|Any CPU
		{9D8F5DFE-5D3E-499B-9EC3-BA1E40BC5306}.Debug|Any CPU.Build.0 = Debug|Any CPU
		{9D8F5DFE-5D3E-499B-9EC3-BA1E40BC5306}.Release|Any CPU.ActiveCfg = Release|Any CPU
		{9D8F5DFE-5D3E-499B-9EC3-BA1E40BC5306}.Release|Any CPU.Build.0 = Release|Any CPU
	EndGlobalSection
	GlobalSection(SolutionProperties) = preSolution
		HideSolutionNode = FALSE
	EndGlobalSection
	GlobalSection(NestedProjects) = preSolution
		{12B19978-5BBE-43F9-B73F-941AE86CDE6A} = {5C3B936F-2BD9-4B5F-9108-CEA85BCB64E1}
		{6208037C-0600-4E2E-8E3F-AEF8B456BCA9} = {442F09BF-403A-4D42-9AA8-1258F42C47EA}
		{F07A2F50-E7E9-440D-8077-E3C2F425E129} = {442F09BF-403A-4D42-9AA8-1258F42C47EA}
		{8D39609C-C369-405C-A762-6FC9DFB8FE5D} = {962D2974-A4A9-41A4-9C80-A5A771FDF8FB}
		{86E58DCE-0009-4F02-AA90-928DE16188DC} = {3362B8FC-1514-450E-AE7D-55CA6EE7B25E}
		{27D6C87E-8763-4108-B57D-ED6702377A74} = {91D05D3E-60C0-49D3-86CE-CA1792F3CEC3}
		{5B9BAF88-8564-4596-A976-020DF568C991} = {91D05D3E-60C0-49D3-86CE-CA1792F3CEC3}
		{25766A75-6C1C-4FB9-9C4D-57691DDF65AB} = {962D2974-A4A9-41A4-9C80-A5A771FDF8FB}
		{100016EC-FF10-4763-864C-265ABC3291FC} = {3362B8FC-1514-450E-AE7D-55CA6EE7B25E}
		{589C1500-A1DE-4179-A582-16D2D692621E} = {60F943D9-5F8E-4F2E-8CE6-43136FD01893}
		{9D8F5DFE-5D3E-499B-9EC3-BA1E40BC5306} = {442F09BF-403A-4D42-9AA8-1258F42C47EA}
	EndGlobalSection
	GlobalSection(ExtensibilityGlobals) = postSolution
		SolutionGuid = {279A73C5-70E8-4B6D-B235-3467F0CC98A9}
	EndGlobalSection
EndGlobal
